{
  "name": "gotenberg",
  "lockfileVersion": 3,
  "requires": true,
  "packages": {
    "": {
      "devDependencies": {
        "prettier": "3.6.2",
        "prettier-plugin-gherkin": "^3.1.3",
        "prettier-plugin-sh": "^0.18.0"
      }
    },
    "node_modules/@cucumber/gherkin": {
      "version": "32.2.0",
      "resolved": "https://registry.npmjs.org/@cucumber/gherkin/-/gherkin-32.2.0.tgz",
      "integrity": "sha512-X8xuVhSIqlUjxSRifRJ7t0TycVWyX58fygJH3wDNmHINLg9sYEkvQT0SO2G5YlRZnYc11TIFr4YPenscvdlBIw==",
      "dev": true,
      "license": "MIT",
      "dependencies": {
        "@cucumber/messages": ">=19.1.4 <28"
      }
    },
    "node_modules/@cucumber/messages": {
      "version": "27.2.0",
      "resolved": "https://registry.npmjs.org/@cucumber/messages/-/messages-27.2.0.tgz",
      "integrity": "sha512-f2o/HqKHgsqzFLdq6fAhfG1FNOQPdBdyMGpKwhb7hZqg0yZtx9BVqkTyuoNk83Fcvk3wjMVfouFXXHNEk4nddA==",
      "dev": true,
      "license": "MIT",
      "dependencies": {
        "@types/uuid": "10.0.0",
        "class-transformer": "0.5.1",
        "reflect-metadata": "0.2.2",
        "uuid": "11.0.5"
      }
    },
    "node_modules/@reteps/dockerfmt": {
      "version": "0.3.6",
      "resolved": "https://registry.npmjs.org/@reteps/dockerfmt/-/dockerfmt-0.3.6.tgz",
      "integrity": "sha512-Tb5wIMvBf/nLejTQ61krK644/CEMB/cpiaIFXqGApfGqO3GwcR3qnI0DbmkFVCl2OyEp8LnLX3EkucoL0+tbFg==",
      "dev": true,
      "license": "MIT",
      "engines": {
        "node": "^v12.20.0 || ^14.13.0 || >=16.0.0"
      }
    },
    "node_modules/@types/uuid": {
      "version": "10.0.0",
      "resolved": "https://registry.npmjs.org/@types/uuid/-/uuid-10.0.0.tgz",
      "integrity": "sha512-7gqG38EyHgyP1S+7+xomFtL+ZNHcKv6DwNaCZmJmo1vgMugyF3TCnXVg4t1uk89mLNwnLtnY3TpOpCOyp1/xHQ==",
      "dev": true,
      "license": "MIT"
    },
    "node_modules/class-transformer": {
      "version": "0.5.1",
      "resolved": "https://registry.npmjs.org/class-transformer/-/class-transformer-0.5.1.tgz",
      "integrity": "sha512-SQa1Ws6hUbfC98vKGxZH3KFY0Y1lm5Zm0SY8XX9zbK7FJCyVEac3ATW0RIpwzW+oOfmHE5PMPufDG9hCfoEOMw==",
      "dev": true,
      "license": "MIT"
    },
    "node_modules/prettier": {
      "version": "3.6.2",
      "resolved": "https://registry.npmjs.org/prettier/-/prettier-3.6.2.tgz",
      "integrity": "sha512-I7AIg5boAr5R0FFtJ6rCfD+LFsWHp81dolrFD8S79U9tb8Az2nGrJncnMSnys+bpQJfRUzqs9hnA81OAA3hCuQ==",
      "dev": true,
      "license": "MIT",
      "peer": true,
      "bin": {
        "prettier": "bin/prettier.cjs"
      },
      "engines": {
        "node": ">=14"
      },
      "funding": {
        "url": "https://github.com/prettier/prettier?sponsor=1"
      }
    },
    "node_modules/prettier-plugin-gherkin": {
      "version": "3.1.3",
      "resolved": "https://registry.npmjs.org/prettier-plugin-gherkin/-/prettier-plugin-gherkin-3.1.3.tgz",
      "integrity": "sha512-w9uB413NlSi8ZQwpexyu+ttriJJ88eZLV0x88ZTkzkLZyHYEX5wrNtaCx/yFYviIu/tuwsBqDPM47VODnIV/hw==",
      "dev": true,
      "license": "MIT",
      "dependencies": {
        "@cucumber/gherkin": "^32.0.0",
        "@cucumber/messages": "^27.2.0",
        "prettier": "^3.5.3"
      }
    },
    "node_modules/prettier-plugin-sh": {
      "version": "0.18.0",
      "resolved": "https://registry.npmjs.org/prettier-plugin-sh/-/prettier-plugin-sh-0.18.0.tgz",
      "integrity": "sha512-cW1XL27FOJQ/qGHOW6IHwdCiNWQsAgK+feA8V6+xUTaH0cD3Mh+tFAtBvEEWvuY6hTDzRV943Fzeii+qMOh7nQ==",
      "dev": true,
      "license": "MIT",
      "dependencies": {
        "@reteps/dockerfmt": "^0.3.6",
        "sh-syntax": "^0.5.8"
      },
      "engines": {
        "node": ">=16.0.0"
      },
      "funding": {
        "url": "https://opencollective.com/unts"
      },
      "peerDependencies": {
        "prettier": "^3.6.0"
      }
    },
    "node_modules/reflect-metadata": {
      "version": "0.2.2",
      "resolved": "https://registry.npmjs.org/reflect-metadata/-/reflect-metadata-0.2.2.tgz",
      "integrity": "sha512-urBwgfrvVP/eAyXx4hluJivBKzuEbSQs9rKWCrCkbSxNv8mxPcUZKeuoF3Uy4mJl3Lwprp6yy5/39VWigZ4K6Q==",
      "dev": true,
      "license": "Apache-2.0"
    },
    "node_modules/sh-syntax": {
      "version": "0.5.8",
      "resolved": "https://registry.npmjs.org/sh-syntax/-/sh-syntax-0.5.8.tgz",
      "integrity": "sha512-JfVoxf4FxQI5qpsPbkHhZo+n6N9YMJobyl4oGEUBb/31oQYlgTjkXQD8PBiafS2UbWoxrTO0Z5PJUBXEPAG1Zw==",
      "dev": true,
      "license": "MIT",
      "dependencies": {
        "tslib": "^2.8.1"
      },
      "engines": {
        "node": ">=16.0.0"
      },
      "funding": {
        "url": "https://opencollective.com/sh-syntax"
      }
    },
    "node_modules/tslib": {
      "version": "2.8.1",
      "resolved": "https://registry.npmjs.org/tslib/-/tslib-2.8.1.tgz",
      "integrity": "sha512-oJFu94HQb+KVduSUQL7wnpmqnfmLsOA/nAh6b6EH0wCEoK0/mPeXU6c3wKDV83MkOuHPRHtSXKKU99IBazS/2w==",
      "dev": true,
      "license": "0BSD"
    },
    "node_modules/uuid": {
      "version": "11.0.5",
      "resolved": "https://registry.npmjs.org/uuid/-/uuid-11.0.5.tgz",
      "integrity": "sha512-508e6IcKLrhxKdBbcA2b4KQZlLVp2+J5UwQ6F7Drckkc5N9ZJwFa4TgWtsww9UG8fGHbm6gbV19TdM5pQ4GaIA==",
      "dev": true,
      "funding": [
        "https://github.com/sponsors/broofa",
        "https://github.com/sponsors/ctavan"
      ],
      "license": "MIT",
      "bin": {
        "uuid": "dist/esm/bin/uuid"
      }
    }
  }
}
