{
  "name": "gotenberg",
  "lockfileVersion": 3,
  "requires": true,
  "packages": {
    "": {
      "devDependencies": {
        "prettier": "3.5.2",
        "prettier-plugin-gherkin": "^3.1.1",
        "prettier-plugin-sh": "^0.15.0"
      }
    },
    "node_modules/@cucumber/gherkin": {
      "version": "27.0.0",
      "resolved": "https://registry.npmjs.org/@cucumber/gherkin/-/gherkin-27.0.0.tgz",
      "integrity": "sha512-j5rCsjqzRiC3iVTier3sa0kzyNbkcAmF7xr7jKnyO7qDeK3Z8Ye1P3KSVpeQRMY+KCDJ3WbTDdyxH0FwfA/fIw==",
      "dev": true,
      "license": "MIT",
      "dependencies": {
        "@cucumber/messages": ">=19.1.4 <=22"
      }
    },
    "node_modules/@cucumber/gherkin/node_modules/@cucumber/messages": {
      "version": "22.0.0",
      "resolved": "https://registry.npmjs.org/@cucumber/messages/-/messages-22.0.0.tgz",
      "integrity": "sha512-EuaUtYte9ilkxcKmfqGF9pJsHRUU0jwie5ukuZ/1NPTuHS1LxHPsGEODK17RPRbZHOFhqybNzG2rHAwThxEymg==",
      "dev": true,
      "license": "MIT",
      "dependencies": {
        "@types/uuid": "9.0.1",
        "class-transformer": "0.5.1",
        "reflect-metadata": "0.1.13",
        "uuid": "9.0.0"
      }
    },
    "node_modules/@cucumber/gherkin/node_modules/@types/uuid": {
      "version": "9.0.1",
      "resolved": "https://registry.npmjs.org/@types/uuid/-/uuid-9.0.1.tgz",
      "integrity": "sha512-rFT3ak0/2trgvp4yYZo5iKFEPsET7vKydKF+VRCxlQ9bpheehyAJH89dAkaLEq/j/RZXJIqcgsmPJKUP1Z28HA==",
      "dev": true,
      "license": "MIT"
    },
    "node_modules/@cucumber/gherkin/node_modules/uuid": {
      "version": "9.0.0",
      "resolved": "https://registry.npmjs.org/uuid/-/uuid-9.0.0.tgz",
      "integrity": "sha512-MXcSTerfPa4uqyzStbRoTgt5XIe3x5+42+q1sDuy3R5MDk66URdLMOZe5aPX/SQd+kuYAh0FdP/pO28IkQyTeg==",
      "dev": true,
      "license": "MIT",
      "bin": {
        "uuid": "dist/bin/uuid"
      }
    },
    "node_modules/@cucumber/messages": {
      "version": "23.0.0",
      "resolved": "https://registry.npmjs.org/@cucumber/messages/-/messages-23.0.0.tgz",
      "integrity": "sha512-2ZWKNnikNMBnle3P3cgy+fgzhABrY4oBbiWp9wcI8ANdT4LlYRN6jQ6j/9CQGTDGRfkyRtr/5VkYq7q24XCsuA==",
      "dev": true,
      "license": "MIT",
      "dependencies": {
        "@types/uuid": "9.0.6",
        "class-transformer": "0.5.1",
        "reflect-metadata": "0.1.13",
        "uuid": "9.0.1"
      }
    },
    "node_modules/@types/uuid": {
      "version": "9.0.6",
      "resolved": "https://registry.npmjs.org/@types/uuid/-/uuid-9.0.6.tgz",
      "integrity": "sha512-BT2Krtx4xaO6iwzwMFUYvWBWkV2pr37zD68Vmp1CDV196MzczBRxuEpD6Pr395HAgebC/co7hOphs53r8V7jew==",
      "dev": true,
      "license": "MIT"
    },
    "node_modules/class-transformer": {
      "version": "0.5.1",
      "resolved": "https://registry.npmjs.org/class-transformer/-/class-transformer-0.5.1.tgz",
      "integrity": "sha512-SQa1Ws6hUbfC98vKGxZH3KFY0Y1lm5Zm0SY8XX9zbK7FJCyVEac3ATW0RIpwzW+oOfmHE5PMPufDG9hCfoEOMw==",
      "dev": true,
      "license": "MIT"
    },
    "node_modules/mvdan-sh": {
      "version": "0.10.1",
      "resolved": "https://registry.npmjs.org/mvdan-sh/-/mvdan-sh-0.10.1.tgz",
      "integrity": "sha512-kMbrH0EObaKmK3nVRKUIIya1dpASHIEusM13S4V1ViHFuxuNxCo+arxoa6j/dbV22YBGjl7UKJm9QQKJ2Crzhg==",
      "dev": true,
      "license": "BSD-3-Clause"
    },
    "node_modules/prettier": {
      "version": "3.5.2",
      "resolved": "https://registry.npmjs.org/prettier/-/prettier-3.5.2.tgz",
      "integrity": "sha512-lc6npv5PH7hVqozBR7lkBNOGXV9vMwROAPlumdBkX0wTbbzPu/U1hk5yL8p2pt4Xoc+2mkT8t/sow2YrV/M5qg==",
      "dev": true,
      "license": "MIT",
      "bin": {
        "prettier": "bin/prettier.cjs"
      },
      "engines": {
        "node": ">=14"
      },
      "funding": {
        "url": "https://github.com/prettier/prettier?sponsor=1"
      }
    },
    "node_modules/prettier-plugin-gherkin": {
      "version": "3.1.1",
      "resolved": "https://registry.npmjs.org/prettier-plugin-gherkin/-/prettier-plugin-gherkin-3.1.1.tgz",
      "integrity": "sha512-cCfjqKMdR2a8jOf8yKg32iUfRq0Dfmx+K2qTMOD/ixJJq0Rp7QS8BaoABWC7CDGXbvOkVeWOvzhxWvYcEbjglw==",
      "dev": true,
      "license": "MIT",
      "dependencies": {
        "@cucumber/gherkin": "^27.0.0",
        "@cucumber/messages": "^23.0.0",
        "prettier": "^3.0.0"
      }
    },
    "node_modules/prettier-plugin-sh": {
      "version": "0.15.0",
      "resolved": "https://registry.npmjs.org/prettier-plugin-sh/-/prettier-plugin-sh-0.15.0.tgz",
      "integrity": "sha512-U0PikJr/yr2bzzARl43qI0mApBj0C1xdAfA04AZa6LnvIKawXHhuy2fFo6LNA7weRzGlAiNbaEFfKMFo0nZr/A==",
      "dev": true,
      "license": "MIT",
      "dependencies": {
        "mvdan-sh": "^0.10.1",
        "sh-syntax": "^0.4.2"
      },
      "engines": {
        "node": ">=16.0.0"
      },
      "funding": {
        "url": "https://opencollective.com/unts"
      },
      "peerDependencies": {
        "prettier": "^3.0.3"
      }
    },
    "node_modules/reflect-metadata": {
      "version": "0.1.13",
      "resolved": "https://registry.npmjs.org/reflect-metadata/-/reflect-metadata-0.1.13.tgz",
      "integrity": "sha512-Ts1Y/anZELhSsjMcU605fU9RE4Oi3p5ORujwbIKXfWa+0Zxs510Qrmrce5/Jowq3cHSZSJqBjypxmHarc+vEWg==",
      "dev": true,
      "license": "Apache-2.0"
    },
    "node_modules/sh-syntax": {
      "version": "0.4.2",
      "resolved": "https://registry.npmjs.org/sh-syntax/-/sh-syntax-0.4.2.tgz",
      "integrity": "sha512-/l2UZ5fhGZLVZa16XQM9/Vq/hezGGbdHeVEA01uWjOL1+7Ek/gt6FquW0iKKws4a9AYPYvlz6RyVvjh3JxOteg==",
      "dev": true,
      "license": "MIT",
      "dependencies": {
        "tslib": "^2.6.2"
      },
      "engines": {
        "node": ">=16.0.0"
      },
      "funding": {
        "url": "https://opencollective.com/unts"
      }
    },
    "node_modules/tslib": {
      "version": "2.8.1",
      "resolved": "https://registry.npmjs.org/tslib/-/tslib-2.8.1.tgz",
      "integrity": "sha512-oJFu94HQb+KVduSUQL7wnpmqnfmLsOA/nAh6b6EH0wCEoK0/mPeXU6c3wKDV83MkOuHPRHtSXKKU99IBazS/2w==",
      "dev": true,
      "license": "0BSD"
    },
    "node_modules/uuid": {
      "version": "9.0.1",
      "resolved": "https://registry.npmjs.org/uuid/-/uuid-9.0.1.tgz",
      "integrity": "sha512-b+1eJOlsR9K8HJpow9Ok3fiWOWSIcIzXodvv0rQjVoOVNpWMpxf1wZNpt4y9h10odCNrqnYp1OBzRktckBe3sA==",
      "dev": true,
      "funding": [
        "https://github.com/sponsors/broofa",
        "https://github.com/sponsors/ctavan"
      ],
      "license": "MIT",
      "bin": {
        "uuid": "dist/bin/uuid"
      }
    }
  }
}
